
Microsoft Visual Studio Solution File, Format Version 12.00
# Visual Studio Version 16
VisualStudioVersion = 16.0.30804.86
MinimumVisualStudioVersion = 10.0.40219.1
Project("{9A19103F-16F7-4668-BE54-9A1E7A4F7556}") = "Aldwych.Theme", "Theme\Aldwych.Theme.csproj", "{4775E906-E80D-40ED-8692-76E95D385F68}"
EndProject
Project("{9A19103F-16F7-4668-BE54-9A1E7A4F7556}") = "SampleApp", "SampleApp\SampleApp.csproj", "{B0196542-9301-4AF9-AA36-AB9F119D2C4B}"
EndProject
Global
	GlobalSection(SolutionConfigurationPlatforms) = preSolution
		Debug|Any CPU = Debug|Any CPU
		Release|Any CPU = Release|Any CPU
	EndGlobalSection
	GlobalSection(ProjectConfigurationPlatforms) = postSolution
		{4775E906-E80D-40ED-8692-76E95D385F68}.Debug|Any CPU.ActiveCfg = Debug|Any CPU
		{4775E906-E80D-40ED-8692-76E95D385F68}.Debug|Any CPU.Build.0 = Debug|Any CPU
		{4775E906-E80D-40ED-8692-76E95D385F68}.Release|Any CPU.ActiveCfg = Release|Any CPU
		{4775E906-E80D-40ED-8692-76E95D385F68}.Release|Any CPU.Build.0 = Release|Any CPU
		{B0196542-9301-4AF9-AA36-AB9F119D2C4B}.Debug|Any CPU.ActiveCfg = Debug|Any CPU
		{B0196542-9301-4AF9-AA36-AB9F119D2C4B}.Debug|Any CPU.Build.0 = Debug|Any CPU
		{B0196542-9301-4AF9-AA36-AB9F119D2C4B}.Release|Any CPU.ActiveCfg = Release|Any CPU
		{B0196542-9301-4AF9-AA36-AB9F119D2C4B}.Release|Any CPU.Build.0 = Release|Any CPU
	EndGlobalSection
	GlobalSection(SolutionProperties) = preSolution
		HideSolutionNode = FALSE
	EndGlobalSection
	GlobalSection(ExtensibilityGlobals) = postSolution
		SolutionGuid = {57F5EE72-E920-43A4-8F36-75FBE5722FC9}
	EndGlobalSection
EndGlobal
